
Microsoft Visual Studio Solution File, Format Version 12.00
# Visual Studio Version 16
VisualStudioVersion = 16.0.31321.278
MinimumVisualStudioVersion = 10.0.40219.1
Project("{FAE04EC0-301F-11D3-BF4B-00C04F79EFBC}") = "ZooLab", "ZooLab\ZooLab.csproj", "{932598AD-4F05-479E-BE56-72EDE6E25C41}"
EndProject
Project("{2150E333-8FDC-42A3-9474-1A3956D46DE8}") = "Src", "Src", "{00B016BB-F9A8-441A-AFB7-DDD87D0F4B8A}"
EndProject
Project("{FAE04EC0-301F-11D3-BF4B-00C04F79EFBC}") = "ZooLab.BusinessLogic", "ZooLab.BusinessLogic\ZooLab.BusinessLogic.csproj", "{AF922334-9387-4884-ACEF-F4FA949650E6}"
EndProject
Project("{2150E333-8FDC-42A3-9474-1A3956D46DE8}") = "Tests", "Tests", "{DBE93B4D-A98A-4F1E-9182-5848A0A52C79}"
EndProject
Project("{FAE04EC0-301F-11D3-BF4B-00C04F79EFBC}") = "ZooLab.Tests", "ZooLab.Tests\ZooLab.Tests\ZooLab.Tests.csproj", "{BB703896-0979-4A0E-A74A-F371FDFCE95C}"
EndProject
Global
	GlobalSection(SolutionConfigurationPlatforms) = preSolution
		Debug|Any CPU = Debug|Any CPU
		Release|Any CPU = Release|Any CPU
	EndGlobalSection
	GlobalSection(ProjectConfigurationPlatforms) = postSolution
		{932598AD-4F05-479E-BE56-72EDE6E25C41}.Debug|Any CPU.ActiveCfg = Debug|Any CPU
		{932598AD-4F05-479E-BE56-72EDE6E25C41}.Debug|Any CPU.Build.0 = Debug|Any CPU
		{932598AD-4F05-479E-BE56-72EDE6E25C41}.Release|Any CPU.ActiveCfg = Release|Any CPU
		{932598AD-4F05-479E-BE56-72EDE6E25C41}.Release|Any CPU.Build.0 = Release|Any CPU
		{AF922334-9387-4884-ACEF-F4FA949650E6}.Debug|Any CPU.ActiveCfg = Debug|Any CPU
		{AF922334-9387-4884-ACEF-F4FA949650E6}.Debug|Any CPU.Build.0 = Debug|Any CPU
		{AF922334-9387-4884-ACEF-F4FA949650E6}.Release|Any CPU.ActiveCfg = Release|Any CPU
		{AF922334-9387-4884-ACEF-F4FA949650E6}.Release|Any CPU.Build.0 = Release|Any CPU
		{BB703896-0979-4A0E-A74A-F371FDFCE95C}.Debug|Any CPU.ActiveCfg = Debug|Any CPU
		{BB703896-0979-4A0E-A74A-F371FDFCE95C}.Debug|Any CPU.Build.0 = Debug|Any CPU
		{BB703896-0979-4A0E-A74A-F371FDFCE95C}.Release|Any CPU.ActiveCfg = Release|Any CPU
		{BB703896-0979-4A0E-A74A-F371FDFCE95C}.Release|Any CPU.Build.0 = Release|Any CPU
	EndGlobalSection
	GlobalSection(SolutionProperties) = preSolution
		HideSolutionNode = FALSE
	EndGlobalSection
	GlobalSection(NestedProjects) = preSolution
		{932598AD-4F05-479E-BE56-72EDE6E25C41} = {00B016BB-F9A8-441A-AFB7-DDD87D0F4B8A}
		{AF922334-9387-4884-ACEF-F4FA949650E6} = {00B016BB-F9A8-441A-AFB7-DDD87D0F4B8A}
		{BB703896-0979-4A0E-A74A-F371FDFCE95C} = {DBE93B4D-A98A-4F1E-9182-5848A0A52C79}
	EndGlobalSection
	GlobalSection(ExtensibilityGlobals) = postSolution
		SolutionGuid = {6D2FD772-40EB-4661-81E9-A0806F6EBA1C}
	EndGlobalSection
EndGlobal
